{"version":4,"terraform_version":"1.9.0","serial":1,"lineage":"b273f40a-332f-5650-54de-c18b0c7800f2","outputs":{"website_url":{"value":"http://opentofu-site-eiei.storage.googleapis.com/index.html","type":"string"}},"resources":[{"mode":"managed","type":"google_storage_bucket","name":"website_bucket","provider":"provider[\"registry.opentofu.org/hashicorp/google\"]","instances":[{"schema_version":3,"attributes":{"autoclass":[],"cors":[],"custom_placement_config":[],"default_event_based_hold":false,"effective_labels":{"goog-terraform-provisioned":"true"},"enable_object_retention":false,"encryption":[],"force_destroy":true,"hierarchical_namespace":[{"enabled":false}],"id":"opentofu-site-eiei","labels":null,"lifecycle_rule":[],"location":"ASIA-SOUTHEAST1","logging":[],"name":"opentofu-site-eiei","project":"hardy-portal-449910-k9","project_number":908853324949,"public_access_prevention":"inherited","requester_pays":false,"retention_policy":[],"rpo":null,"self_link":"https://www.googleapis.com/storage/v1/b/opentofu-site-eiei","soft_delete_policy":[{"effective_time":"2025-04-20T13:55:50.940Z","retention_duration_seconds":604800}],"storage_class":"STANDARD","terraform_labels":{"goog-terraform-provisioned":"true"},"timeouts":null,"uniform_bucket_level_access":true,"url":"gs://opentofu-site-eiei","versioning":[],"website":[{"main_page_suffix":"index.html","not_found_page":"404.html"}]},"sensitive_attributes":[],"private":"eyJlMmJmYjczMC1lY2FhLTExZTYtOGY4OC0zNDM2M2JjN2M0YzAiOnsiY3JlYXRlIjo2MDAwMDAwMDAwMDAsInJlYWQiOjI0MDAwMDAwMDAwMCwidXBkYXRlIjoyNDAwMDAwMDAwMDB9LCJzY2hlbWFfdmVyc2lvbiI6IjMifQ=="}]},{"mode":"managed","type":"google_storage_bucket_iam_binding","name":"public_access","provider":"provider[\"registry.opentofu.org/hashicorp/google\"]","instances":[{"schema_version":0,"attributes":{"bucket":"b/opentofu-site-eiei","condition":[],"etag":"CAI=","id":"b/opentofu-site-eiei/roles/storage.objectViewer","members":["allUsers"],"role":"roles/storage.objectViewer"},"sensitive_attributes":[],"private":"bnVsbA==","dependencies":["google_storage_bucket.website_bucket"]}]},{"mode":"managed","type":"google_storage_bucket_object","name":"index_html","provider":"provider[\"registry.opentofu.org/hashicorp/google\"]","instances":[{"schema_version":0,"attributes":{"bucket":"opentofu-site-eiei","cache_control":"","content":null,"content_disposition":"","content_encoding":"","content_language":"","content_type":"text/html","crc32c":"+vM/3A==","customer_encryption":[],"detect_md5hash":"pAqmPrHohGSAfTa5G4QE0Q==","event_based_hold":false,"generation":1745157352119454,"id":"opentofu-site-eiei-index.html","kms_key_name":"","md5hash":"pAqmPrHohGSAfTa5G4QE0Q==","md5hexhash":"a40aa63eb1e88464807d36b91b8404d1","media_link":"https://storage.googleapis.com/download/storage/v1/b/opentofu-site-eiei/o/index.html?generation=1745157352119454\u0026alt=media","metadata":null,"name":"index.html","output_name":"index.html","retention":[],"self_link":"https://www.googleapis.com/storage/v1/b/opentofu-site-eiei/o/index.html","source":"index.html","storage_class":"STANDARD","temporary_hold":false,"timeouts":null},"sensitive_attributes":[[{"type":"get_attr","value":"content"}]],"private":"eyJlMmJmYjczMC1lY2FhLTExZTYtOGY4OC0zNDM2M2JjN2M0YzAiOnsiY3JlYXRlIjoyNDAwMDAwMDAwMDAsImRlbGV0ZSI6MjQwMDAwMDAwMDAwLCJ1cGRhdGUiOjI0MDAwMDAwMDAwMH19","dependencies":["google_storage_bucket.website_bucket"]}]}],"check_results":null}
